// !$*UTF8*$!
{
	archiveVersion = 1;
	classes = {
	};
	objectVersion = 46;
	objects = {

/* Begin PBXBuildFile section */
		937F5AEB1920ABF500508ACE /* Foundation.framework in Frameworks */ = {isa = PBXBuildFile; fileRef = 937F5AEA1920ABF500508ACE /* Foundation.framework */; };
		937F5AED1920ABF500508ACE /* CoreGraphics.framework in Frameworks */ = {isa = PBXBuildFile; fileRef = 937F5AEC1920ABF500508ACE /* CoreGraphics.framework */; };
		937F5AEF1920ABF500508ACE /* UIKit.framework in Frameworks */ = {isa = PBXBuildFile; fileRef = 937F5AEE1920ABF500508ACE /* UIKit.framework */; };
		937F5AF51920ABF500508ACE /* InfoPlist.strings in Resources */ = {isa = PBXBuildFile; fileRef = 937F5AF31920ABF500508ACE /* InfoPlist.strings */; };
		937F5AF71920ABF500508ACE /* main.m in Sources */ = {isa = PBXBuildFile; fileRef = 937F5AF61920ABF500508ACE /* main.m */; };
		937F5AFB1920ABF500508ACE /* AppDelegate.m in Sources */ = {isa = PBXBuildFile; fileRef = 937F5AFA1920ABF500508ACE /* AppDelegate.m */; };
		937F5AFE1920ABF500508ACE /* Main.storyboard in Resources */ = {isa = PBXBuildFile; fileRef = 937F5AFC1920ABF500508ACE /* Main.storyboard */; };
		937F5B011920ABF500508ACE /* ViewController.m in Sources */ = {isa = PBXBuildFile; fileRef = 937F5B001920ABF500508ACE /* ViewController.m */; };
		937F5B031920ABF500508ACE /* Images.xcassets in Resources */ = {isa = PBXBuildFile; fileRef = 937F5B021920ABF500508ACE /* Images.xcassets */; };
		937F5B0A1920ABF600508ACE /* XCTest.framework in Frameworks */ = {isa = PBXBuildFile; fileRef = 937F5B091920ABF600508ACE /* XCTest.framework */; };
		937F5B0B1920ABF600508ACE /* Foundation.framework in Frameworks */ = {isa = PBXBuildFile; fileRef = 937F5AEA1920ABF500508ACE /* Foundation.framework */; };
		937F5B0C1920ABF600508ACE /* UIKit.framework in Frameworks */ = {isa = PBXBuildFile; fileRef = 937F5AEE1920ABF500508ACE /* UIKit.framework */; };
		937F5B141920ABF600508ACE /* InfoPlist.strings in Resources */ = {isa = PBXBuildFile; fileRef = 937F5B121920ABF600508ACE /* InfoPlist.strings */; };
		937F5B161920ABF600508ACE /* VantanAppTests.m in Sources */ = {isa = PBXBuildFile; fileRef = 937F5B151920ABF600508ACE /* VantanAppTests.m */; };
/* End PBXBuildFile section */

/* Begin PBXContainerItemProxy section */
		937F5B0D1920ABF600508ACE /* PBXContainerItemProxy */ = {
			isa = PBXContainerItemProxy;
			containerPortal = 937F5ADF1920ABF500508ACE /* Project object */;
			proxyType = 1;
			remoteGlobalIDString = 937F5AE61920ABF500508ACE;
			remoteInfo = VantanApp;
		};
/* End PBXContainerItemProxy section */

/* Begin PBXFileReference section */
		937F5AE71920ABF500508ACE /* VantanApp.app */ = {isa = PBXFileReference; explicitFileType = wrapper.application; includeInIndex = 0; path = VantanApp.app; sourceTree = BUILT_PRODUCTS_DIR; };
		937F5AEA1920ABF500508ACE /* Foundation.framework */ = {isa = PBXFileReference; lastKnownFileType = wrapper.framework; name = Foundation.framework; path = System/Library/Frameworks/Foundation.framework; sourceTree = SDKROOT; };
		937F5AEC1920ABF500508ACE /* CoreGraphics.framework */ = {isa = PBXFileReference; lastKnownFileType = wrapper.framework; name = CoreGraphics.framework; path = System/Library/Frameworks/CoreGraphics.framework; sourceTree = SDKROOT; };
		937F5AEE1920ABF500508ACE /* UIKit.framework */ = {isa = PBXFileReference; lastKnownFileType = wrapper.framework; name = UIKit.framework; path = System/Library/Frameworks/UIKit.framework; sourceTree = SDKROOT; };
		937F5AF21920ABF500508ACE /* VantanApp-Info.plist */ = {isa = PBXFileReference; lastKnownFileType = text.plist.xml; path = "VantanApp-Info.plist"; sourceTree = "<group>"; };
		937F5AF41920ABF500508ACE /* en */ = {isa = PBXFileReference; lastKnownFileType = text.plist.strings; name = en; path = en.lproj/InfoPlist.strings; sourceTree = "<group>"; };
		937F5AF61920ABF500508ACE /* main.m */ = {isa = PBXFileReference; lastKnownFileType = sourcecode.c.objc; path = main.m; sourceTree = "<group>"; };
		937F5AF81920ABF500508ACE /* VantanApp-Prefix.pch */ = {isa = PBXFileReference; lastKnownFileType = sourcecode.c.h; path = "VantanApp-Prefix.pch"; sourceTree = "<group>"; };
		937F5AF91920ABF500508ACE /* AppDelegate.h */ = {isa = PBXFileReference; lastKnownFileType = sourcecode.c.h; path = AppDelegate.h; sourceTree = "<group>"; };
		937F5AFA1920ABF500508ACE /* AppDelegate.m */ = {isa = PBXFileReference; lastKnownFileType = sourcecode.c.objc; path = AppDelegate.m; sourceTree = "<group>"; };
		937F5AFD1920ABF500508ACE /* Base */ = {isa = PBXFileReference; lastKnownFileType = file.storyboard; name = Base; path = Base.lproj/Main.storyboard; sourceTree = "<group>"; };
		937F5AFF1920ABF500508ACE /* ViewController.h */ = {isa = PBXFileReference; lastKnownFileType = sourcecode.c.h; path = ViewController.h; sourceTree = "<group>"; };
		937F5B001920ABF500508ACE /* ViewController.m */ = {isa = PBXFileReference; lastKnownFileType = sourcecode.c.objc; path = ViewController.m; sourceTree = "<group>"; };
		937F5B021920ABF500508ACE /* Images.xcassets */ = {isa = PBXFileReference; lastKnownFileType = folder.assetcatalog; path = Images.xcassets; sourceTree = "<group>"; };
		937F5B081920ABF600508ACE /* VantanAppTests.xctest */ = {isa = PBXFileReference; explicitFileType = wrapper.cfbundle; includeInIndex = 0; path = VantanAppTests.xctest; sourceTree = BUILT_PRODUCTS_DIR; };
		937F5B091920ABF600508ACE /* XCTest.framework */ = {isa = PBXFileReference; lastKnownFileType = wrapper.framework; name = XCTest.framework; path = Library/Frameworks/XCTest.framework; sourceTree = DEVELOPER_DIR; };
		937F5B111920ABF600508ACE /* VantanAppTests-Info.plist */ = {isa = PBXFileReference; lastKnownFileType = text.plist.xml; path = "VantanAppTests-Info.plist"; sourceTree = "<group>"; };
		937F5B131920ABF600508ACE /* en */ = {isa = PBXFileReference; lastKnownFileType = text.plist.strings; name = en; path = en.lproj/InfoPlist.strings; sourceTree = "<group>"; };
		937F5B151920ABF600508ACE /* VantanAppTests.m */ = {isa = PBXFileReference; lastKnownFileType = sourcecode.c.objc; path = VantanAppTests.m; sourceTree = "<group>"; };
/* End PBXFileReference section */

/* Begin PBXFrameworksBuildPhase section */
		937F5AE41920ABF500508ACE /* Frameworks */ = {
			isa = PBXFrameworksBuildPhase;
			buildActionMask = 2147483647;
			files = (
				937F5AED1920ABF500508ACE /* CoreGraphics.framework in Frameworks */,
				937F5AEF1920ABF500508ACE /* UIKit.framework in Frameworks */,
				937F5AEB1920ABF500508ACE /* Foundation.framework in Frameworks */,
			);
			runOnlyForDeploymentPostprocessing = 0;
		};
		937F5B051920ABF600508ACE /* Frameworks */ = {
			isa = PBXFrameworksBuildPhase;
			buildActionMask = 2147483647;
			files = (
				937F5B0A1920ABF600508ACE /* XCTest.framework in Frameworks */,
				937F5B0C1920ABF600508ACE /* UIKit.framework in Frameworks */,
				937F5B0B1920ABF600508ACE /* Foundation.framework in Frameworks */,
			);
			runOnlyForDeploymentPostprocessing = 0;
		};
/* End PBXFrameworksBuildPhase section */

/* Begin PBXGroup section */
		937F5ADE1920ABF500508ACE = {
			isa = PBXGroup;
			children = (
				937F5AF01920ABF500508ACE /* VantanApp */,
				937F5B0F1920ABF600508ACE /* VantanAppTests */,
				937F5AE91920ABF500508ACE /* Frameworks */,
				937F5AE81920ABF500508ACE /* Products */,
			);
			sourceTree = "<group>";
		};
		937F5AE81920ABF500508ACE /* Products */ = {
			isa = PBXGroup;
			children = (
				937F5AE71920ABF500508ACE /* VantanApp.app */,
				937F5B081920ABF600508ACE /* VantanAppTests.xctest */,
			);
			name = Products;
			sourceTree = "<group>";
		};
		937F5AE91920ABF500508ACE /* Frameworks */ = {
			isa = PBXGroup;
			children = (
				937F5AEA1920ABF500508ACE /* Foundation.framework */,
				937F5AEC1920ABF500508ACE /* CoreGraphics.framework */,
				937F5AEE1920ABF500508ACE /* UIKit.framework */,
				937F5B091920ABF600508ACE /* XCTest.framework */,
			);
			name = Frameworks;
			sourceTree = "<group>";
		};
		937F5AF01920ABF500508ACE /* VantanApp */ = {
			isa = PBXGroup;
			children = (
				937F5AF91920ABF500508ACE /* AppDelegate.h */,
				937F5AFA1920ABF500508ACE /* AppDelegate.m */,
				937F5AFC1920ABF500508ACE /* Main.storyboard */,
				937F5AFF1920ABF500508ACE /* ViewController.h */,
				937F5B001920ABF500508ACE /* ViewController.m */,
				937F5B021920ABF500508ACE /* Images.xcassets */,
				937F5AF11920ABF500508ACE /* Supporting Files */,
			);
			path = VantanApp;
			sourceTree = "<group>";
		};
		937F5AF11920ABF500508ACE /* Supporting Files */ = {
			isa = PBXGroup;
			children = (
				937F5AF21920ABF500508ACE /* VantanApp-Info.plist */,
				937F5AF31920ABF500508ACE /* InfoPlist.strings */,
				937F5AF61920ABF500508ACE /* main.m */,
				937F5AF81920ABF500508ACE /* VantanApp-Prefix.pch */,
			);
			name = "Supporting Files";
			sourceTree = "<group>";
		};
		937F5B0F1920ABF600508ACE /* VantanAppTests */ = {
			isa = PBXGroup;
			children = (
				937F5B151920ABF600508ACE /* VantanAppTests.m */,
				937F5B101920ABF600508ACE /* Supporting Files */,
			);
			path = VantanAppTests;
			sourceTree = "<group>";
		};
		937F5B101920ABF600508ACE /* Supporting Files */ = {
			isa = PBXGroup;
			children = (
				937F5B111920ABF600508ACE /* VantanAppTests-Info.plist */,
				937F5B121920ABF600508ACE /* InfoPlist.strings */,
			);
			name = "Supporting Files";
			sourceTree = "<group>";
		};
/* End PBXGroup section */

/* Begin PBXNativeTarget section */
		937F5AE61920ABF500508ACE /* VantanApp */ = {
			isa = PBXNativeTarget;
			buildConfigurationList = 937F5B191920ABF600508ACE /* Build configuration list for PBXNativeTarget "VantanApp" */;
			buildPhases = (
				937F5AE31920ABF500508ACE /* Sources */,
				937F5AE41920ABF500508ACE /* Frameworks */,
				937F5AE51920ABF500508ACE /* Resources */,
			);
			buildRules = (
			);
			dependencies = (
			);
			name = VantanApp;
			productName = VantanApp;
			productReference = 937F5AE71920ABF500508ACE /* VantanApp.app */;
			productType = "com.apple.product-type.application";
		};
		937F5B071920ABF600508ACE /* VantanAppTests */ = {
			isa = PBXNativeTarget;
			buildConfigurationList = 937F5B1C1920ABF600508ACE /* Build configuration list for PBXNativeTarget "VantanAppTests" */;
			buildPhases = (
				937F5B041920ABF600508ACE /* Sources */,
				937F5B051920ABF600508ACE /* Frameworks */,
				937F5B061920ABF600508ACE /* Resources */,
			);
			buildRules = (
			);
			dependencies = (
				937F5B0E1920ABF600508ACE /* PBXTargetDependency */,
			);
			name = VantanAppTests;
			productName = VantanAppTests;
			productReference = 937F5B081920ABF600508ACE /* VantanAppTests.xctest */;
			productType = "com.apple.product-type.bundle.unit-test";
		};
/* End PBXNativeTarget section */

/* Begin PBXProject section */
		937F5ADF1920ABF500508ACE /* Project object */ = {
			isa = PBXProject;
			attributes = {
				LastUpgradeCheck = 0510;
				ORGANIZATIONNAME = "Naoto Yoshioka";
				TargetAttributes = {
					937F5B071920ABF600508ACE = {
						TestTargetID = 937F5AE61920ABF500508ACE;
					};
				};
			};
			buildConfigurationList = 937F5AE21920ABF500508ACE /* Build configuration list for PBXProject "VantanApp" */;
			compatibilityVersion = "Xcode 3.2";
			developmentRegion = English;
			hasScannedForEncodings = 0;
			knownRegions = (
				en,
				Base,
			);
			mainGroup = 937F5ADE1920ABF500508ACE;
			productRefGroup = 937F5AE81920ABF500508ACE /* Products */;
			projectDirPath = "";
			projectRoot = "";
			targets = (
				937F5AE61920ABF500508ACE /* VantanApp */,
				937F5B071920ABF600508ACE /* VantanAppTests */,
			);
		};
/* End PBXProject section */

/* Begin PBXResourcesBuildPhase section */
		937F5AE51920ABF500508ACE /* Resources */ = {
			isa = PBXResourcesBuildPhase;
			buildActionMask = 2147483647;
			files = (
				937F5B031920ABF500508ACE /* Images.xcassets in Resources */,
				937F5AF51920ABF500508ACE /* InfoPlist.strings in Resources */,
				937F5AFE1920ABF500508ACE /* Main.storyboard in Resources */,
			);
			runOnlyForDeploymentPostprocessing = 0;
		};
		937F5B061920ABF600508ACE /* Resources */ = {
			isa = PBXResourcesBuildPhase;
			buildActionMask = 2147483647;
			files = (
				937F5B141920ABF600508ACE /* InfoPlist.strings in Resources */,
			);
			runOnlyForDeploymentPostprocessing = 0;
		};
/* End PBXResourcesBuildPhase section */

/* Begin PBXSourcesBuildPhase section */
		937F5AE31920ABF500508ACE /* Sources */ = {
			isa = PBXSourcesBuildPhase;
			buildActionMask = 2147483647;
			files = (
				937F5B011920ABF500508ACE /* ViewController.m in Sources */,
				937F5AFB1920ABF500508ACE /* AppDelegate.m in Sources */,
				937F5AF71920ABF500508ACE /* main.m in Sources */,
			);
			runOnlyForDeploymentPostprocessing = 0;
		};
		937F5B041920ABF600508ACE /* Sources */ = {
			isa = PBXSourcesBuildPhase;
			buildActionMask = 2147483647;
			files = (
				937F5B161920ABF600508ACE /* VantanAppTests.m in Sources */,
			);
			runOnlyForDeploymentPostprocessing = 0;
		};
/* End PBXSourcesBuildPhase section */

/* Begin PBXTargetDependency section */
		937F5B0E1920ABF600508ACE /* PBXTargetDependency */ = {
			isa = PBXTargetDependency;
			target = 937F5AE61920ABF500508ACE /* VantanApp */;
			targetProxy = 937F5B0D1920ABF600508ACE /* PBXContainerItemProxy */;
		};
/* End PBXTargetDependency section */

/* Begin PBXVariantGroup section */
		937F5AF31920ABF500508ACE /* InfoPlist.strings */ = {
			isa = PBXVariantGroup;
			children = (
				937F5AF41920ABF500508ACE /* en */,
			);
			name = InfoPlist.strings;
			sourceTree = "<group>";
		};
		937F5AFC1920ABF500508ACE /* Main.storyboard */ = {
			isa = PBXVariantGroup;
			children = (
				937F5AFD1920ABF500508ACE /* Base */,
			);
			name = Main.storyboard;
			sourceTree = "<group>";
		};
		937F5B121920ABF600508ACE /* InfoPlist.strings */ = {
			isa = PBXVariantGroup;
			children = (
				937F5B131920ABF600508ACE /* en */,
			);
			name = InfoPlist.strings;
			sourceTree = "<group>";
		};
/* End PBXVariantGroup section */

/* Begin XCBuildConfiguration section */
		937F5B171920ABF600508ACE /* Debug */ = {
			isa = XCBuildConfiguration;
			buildSettings = {
				ALWAYS_SEARCH_USER_PATHS = NO;
				CLANG_CXX_LANGUAGE_STANDARD = "gnu++0x";
				CLANG_CXX_LIBRARY = "libc++";
				CLANG_ENABLE_MODULES = YES;
				CLANG_ENABLE_OBJC_ARC = YES;
				CLANG_WARN_BOOL_CONVERSION = YES;
				CLANG_WARN_CONSTANT_CONVERSION = YES;
				CLANG_WARN_DIRECT_OBJC_ISA_USAGE = YES_ERROR;
				CLANG_WARN_EMPTY_BODY = YES;
				CLANG_WARN_ENUM_CONVERSION = YES;
				CLANG_WARN_INT_CONVERSION = YES;
				CLANG_WARN_OBJC_ROOT_CLASS = YES_ERROR;
				CLANG_WARN__DUPLICATE_METHOD_MATCH = YES;
				"CODE_SIGN_IDENTITY[sdk=iphoneos*]" = "iPhone Developer";
				COPY_PHASE_STRIP = NO;
				GCC_C_LANGUAGE_STANDARD = gnu99;
				GCC_DYNAMIC_NO_PIC = NO;
				GCC_OPTIMIZATION_LEVEL = 0;
				GCC_PREPROCESSOR_DEFINITIONS = (
					"DEBUG=1",
					"$(inherited)",
				);
				GCC_SYMBOLS_PRIVATE_EXTERN = NO;
				GCC_WARN_64_TO_32_BIT_CONVERSION = YES;
				GCC_WARN_ABOUT_RETURN_TYPE = YES_ERROR;
				GCC_WARN_UNDECLARED_SELECTOR = YES;
				GCC_WARN_UNINITIALIZED_AUTOS = YES_AGGRESSIVE;
				GCC_WARN_UNUSED_FUNCTION = YES;
				GCC_WARN_UNUSED_VARIABLE = YES;
				IPHONEOS_DEPLOYMENT_TARGET = 7.1;
				ONLY_ACTIVE_ARCH = YES;
				SDKROOT = iphoneos;
			};
			name = Debug;
		};
		937F5B181920ABF600508ACE /* Release */ = {
			isa = XCBuildConfiguration;
			buildSettings = {
				ALWAYS_SEARCH_USER_PATHS = NO;
				CLANG_CXX_LANGUAGE_STANDARD = "gnu++0x";
				CLANG_CXX_LIBRARY = "libc++";
				CLANG_ENABLE_MODULES = YES;
				CLANG_ENABLE_OBJC_ARC = YES;
				CLANG_WARN_BOOL_CONVERSION = YES;
				CLANG_WARN_CONSTANT_CONVERSION = YES;
				CLANG_WARN_DIRECT_OBJC_ISA_USAGE = YES_ERROR;
				CLANG_WARN_EMPTY_BODY = YES;
				CLANG_WARN_ENUM_CONVERSION = YES;
				CLANG_WARN_INT_CONVERSION = YES;
				CLANG_WARN_OBJC_ROOT_CLASS = YES_ERROR;
				CLANG_WARN__DUPLICATE_METHOD_MATCH = YES;
				"CODE_SIGN_IDENTITY[sdk=iphoneos*]" = "iPhone Developer";
				COPY_PHASE_STRIP = YES;
				ENABLE_NS_ASSERTIONS = NO;
				GCC_C_LANGUAGE_STANDARD = gnu99;
				GCC_WARN_64_TO_32_BIT_CONVERSION = YES;
				GCC_WARN_ABOUT_RETURN_TYPE = YES_ERROR;
				GCC_WARN_UNDECLARED_SELECTOR = YES;
				GCC_WARN_UNINITIALIZED_AUTOS = YES_AGGRESSIVE;
				GCC_WARN_UNUSED_FUNCTION = YES;
				GCC_WARN_UNUSED_VARIABLE = YES;
				IPHONEOS_DEPLOYMENT_TARGET = 7.1;
				SDKROOT = iphoneos;
				VALIDATE_PRODUCT = YES;
			};
			name = Release;
		};
		937F5B1A1920ABF600508ACE /* Debug */ = {
			isa = XCBuildConfiguration;
			buildSettings = {
				ASSETCATALOG_COMPILER_APPICON_NAME = AppIcon;
				ASSETCATALOG_COMPILER_LAUNCHIMAGE_NAME = LaunchImage;
				GCC_PRECOMPILE_PREFIX_HEADER = YES;
				GCC_PREFIX_HEADER = "VantanApp/VantanApp-Prefix.pch";
				INFOPLIST_FILE = "VantanApp/VantanApp-Info.plist";
				PRODUCT_NAME = "$(TARGET_NAME)";
				WRAPPER_EXTENSION = app;
			};
			name = Debug;
		};
		937F5B1B1920ABF600508ACE /* Release */ = {
			isa = XCBuildConfiguration;
			buildSettings = {
				ASSETCATALOG_COMPILER_APPICON_NAME = AppIcon;
				ASSETCATALOG_COMPILER_LAUNCHIMAGE_NAME = LaunchImage;
				GCC_PRECOMPILE_PREFIX_HEADER = YES;
				GCC_PREFIX_HEADER = "VantanApp/VantanApp-Prefix.pch";
				INFOPLIST_FILE = "VantanApp/VantanApp-Info.plist";
				PRODUCT_NAME = "$(TARGET_NAME)";
				WRAPPER_EXTENSION = app;
			};
			name = Release;
		};
		937F5B1D1920ABF600508ACE /* Debug */ = {
			isa = XCBuildConfiguration;
			buildSettings = {
				BUNDLE_LOADER = "$(BUILT_PRODUCTS_DIR)/VantanApp.app/VantanApp";
				FRAMEWORK_SEARCH_PATHS = (
					"$(SDKROOT)/Developer/Library/Frameworks",
					"$(inherited)",
					"$(DEVELOPER_FRAMEWORKS_DIR)",
				);
				GCC_PRECOMPILE_PREFIX_HEADER = YES;
				GCC_PREFIX_HEADER = "VantanApp/VantanApp-Prefix.pch";
				GCC_PREPROCESSOR_DEFINITIONS = (
					"DEBUG=1",
					"$(inherited)",
				);
				INFOPLIST_FILE = "VantanAppTests/VantanAppTests-Info.plist";
				PRODUCT_NAME = "$(TARGET_NAME)";
				TEST_HOST = "$(BUNDLE_LOADER)";
				WRAPPER_EXTENSION = xctest;
			};
			name = Debug;
		};
		937F5B1E1920ABF600508ACE /* Release */ = {
			isa = XCBuildConfiguration;
			buildSettings = {
				BUNDLE_LOADER = "$(BUILT_PRODUCTS_DIR)/VantanApp.app/VantanApp";
				FRAMEWORK_SEARCH_PATHS = (
					"$(SDKROOT)/Developer/Library/Frameworks",
					"$(inherited)",
					"$(DEVELOPER_FRAMEWORKS_DIR)",
				);
				GCC_PRECOMPILE_PREFIX_HEADER = YES;
				GCC_PREFIX_HEADER = "VantanApp/VantanApp-Prefix.pch";
				INFOPLIST_FILE = "VantanAppTests/VantanAppTests-Info.plist";
				PRODUCT_NAME = "$(TARGET_NAME)";
				TEST_HOST = "$(BUNDLE_LOADER)";
				WRAPPER_EXTENSION = xctest;
			};
			name = Release;
		};
/* End XCBuildConfiguration section */

/* Begin XCConfigurationList section */
		937F5AE21920ABF500508ACE /* Build configuration list for PBXProject "VantanApp" */ = {
			isa = XCConfigurationList;
			buildConfigurations = (
				937F5B171920ABF600508ACE /* Debug */,
				937F5B181920ABF600508ACE /* Release */,
			);
			defaultConfigurationIsVisible = 0;
			defaultConfigurationName = Release;
		};
		937F5B191920ABF600508ACE /* Build configuration list for PBXNativeTarget "VantanApp" */ = {
			isa = XCConfigurationList;
			buildConfigurations = (
				937F5B1A1920ABF600508ACE /* Debug */,
				937F5B1B1920ABF600508ACE /* Release */,
			);
			defaultConfigurationIsVisible = 0;
		};
		937F5B1C1920ABF600508ACE /* Build configuration list for PBXNativeTarget "VantanAppTests" */ = {
			isa = XCConfigurationList;
			buildConfigurations = (
				937F5B1D1920ABF600508ACE /* Debug */,
				937F5B1E1920ABF600508ACE /* Release */,
			);
			defaultConfigurationIsVisible = 0;
		};
/* End XCConfigurationList section */
	};
	rootObject = 937F5ADF1920ABF500508ACE /* Project object */;
}
