// !$*UTF8*$!
{
	archiveVersion = 1;
	classes = {
	};
	objectVersion = 46;
	objects = {

/* Begin PBXBuildFile section */
		9320B7241957F6D5006046BD /* Foundation.framework in Frameworks */ = {isa = PBXBuildFile; fileRef = 9320B7231957F6D5006046BD /* Foundation.framework */; };
		9320B7261957F6D5006046BD /* CoreGraphics.framework in Frameworks */ = {isa = PBXBuildFile; fileRef = 9320B7251957F6D5006046BD /* CoreGraphics.framework */; };
		9320B7281957F6D5006046BD /* UIKit.framework in Frameworks */ = {isa = PBXBuildFile; fileRef = 9320B7271957F6D5006046BD /* UIKit.framework */; };
		9320B72E1957F6D5006046BD /* InfoPlist.strings in Resources */ = {isa = PBXBuildFile; fileRef = 9320B72C1957F6D5006046BD /* InfoPlist.strings */; };
		9320B7301957F6D5006046BD /* main.m in Sources */ = {isa = PBXBuildFile; fileRef = 9320B72F1957F6D5006046BD /* main.m */; };
		9320B7341957F6D5006046BD /* AppDelegate.m in Sources */ = {isa = PBXBuildFile; fileRef = 9320B7331957F6D5006046BD /* AppDelegate.m */; };
		9320B7371957F6D5006046BD /* Main.storyboard in Resources */ = {isa = PBXBuildFile; fileRef = 9320B7351957F6D5006046BD /* Main.storyboard */; };
		9320B73A1957F6D5006046BD /* ViewController.m in Sources */ = {isa = PBXBuildFile; fileRef = 9320B7391957F6D5006046BD /* ViewController.m */; };
		9320B73C1957F6D5006046BD /* Images.xcassets in Resources */ = {isa = PBXBuildFile; fileRef = 9320B73B1957F6D5006046BD /* Images.xcassets */; };
		9320B7431957F6D5006046BD /* XCTest.framework in Frameworks */ = {isa = PBXBuildFile; fileRef = 9320B7421957F6D5006046BD /* XCTest.framework */; };
		9320B7441957F6D5006046BD /* Foundation.framework in Frameworks */ = {isa = PBXBuildFile; fileRef = 9320B7231957F6D5006046BD /* Foundation.framework */; };
		9320B7451957F6D5006046BD /* UIKit.framework in Frameworks */ = {isa = PBXBuildFile; fileRef = 9320B7271957F6D5006046BD /* UIKit.framework */; };
		9320B74D1957F6D5006046BD /* InfoPlist.strings in Resources */ = {isa = PBXBuildFile; fileRef = 9320B74B1957F6D5006046BD /* InfoPlist.strings */; };
		9320B74F1957F6D5006046BD /* BallsTests.m in Sources */ = {isa = PBXBuildFile; fileRef = 9320B74E1957F6D5006046BD /* BallsTests.m */; };
		9320B75A1957F70F006046BD /* Ball.m in Sources */ = {isa = PBXBuildFile; fileRef = 9320B7591957F70F006046BD /* Ball.m */; };
/* End PBXBuildFile section */

/* Begin PBXContainerItemProxy section */
		9320B7461957F6D5006046BD /* PBXContainerItemProxy */ = {
			isa = PBXContainerItemProxy;
			containerPortal = 9320B7181957F6D4006046BD /* Project object */;
			proxyType = 1;
			remoteGlobalIDString = 9320B71F1957F6D5006046BD;
			remoteInfo = Balls;
		};
/* End PBXContainerItemProxy section */

/* Begin PBXFileReference section */
		9320B7201957F6D5006046BD /* Balls.app */ = {isa = PBXFileReference; explicitFileType = wrapper.application; includeInIndex = 0; path = Balls.app; sourceTree = BUILT_PRODUCTS_DIR; };
		9320B7231957F6D5006046BD /* Foundation.framework */ = {isa = PBXFileReference; lastKnownFileType = wrapper.framework; name = Foundation.framework; path = System/Library/Frameworks/Foundation.framework; sourceTree = SDKROOT; };
		9320B7251957F6D5006046BD /* CoreGraphics.framework */ = {isa = PBXFileReference; lastKnownFileType = wrapper.framework; name = CoreGraphics.framework; path = System/Library/Frameworks/CoreGraphics.framework; sourceTree = SDKROOT; };
		9320B7271957F6D5006046BD /* UIKit.framework */ = {isa = PBXFileReference; lastKnownFileType = wrapper.framework; name = UIKit.framework; path = System/Library/Frameworks/UIKit.framework; sourceTree = SDKROOT; };
		9320B72B1957F6D5006046BD /* Balls-Info.plist */ = {isa = PBXFileReference; lastKnownFileType = text.plist.xml; path = "Balls-Info.plist"; sourceTree = "<group>"; };
		9320B72D1957F6D5006046BD /* en */ = {isa = PBXFileReference; lastKnownFileType = text.plist.strings; name = en; path = en.lproj/InfoPlist.strings; sourceTree = "<group>"; };
		9320B72F1957F6D5006046BD /* main.m */ = {isa = PBXFileReference; lastKnownFileType = sourcecode.c.objc; path = main.m; sourceTree = "<group>"; };
		9320B7311957F6D5006046BD /* Balls-Prefix.pch */ = {isa = PBXFileReference; lastKnownFileType = sourcecode.c.h; path = "Balls-Prefix.pch"; sourceTree = "<group>"; };
		9320B7321957F6D5006046BD /* AppDelegate.h */ = {isa = PBXFileReference; lastKnownFileType = sourcecode.c.h; path = AppDelegate.h; sourceTree = "<group>"; };
		9320B7331957F6D5006046BD /* AppDelegate.m */ = {isa = PBXFileReference; lastKnownFileType = sourcecode.c.objc; path = AppDelegate.m; sourceTree = "<group>"; };
		9320B7361957F6D5006046BD /* Base */ = {isa = PBXFileReference; lastKnownFileType = file.storyboard; name = Base; path = Base.lproj/Main.storyboard; sourceTree = "<group>"; };
		9320B7381957F6D5006046BD /* ViewController.h */ = {isa = PBXFileReference; lastKnownFileType = sourcecode.c.h; path = ViewController.h; sourceTree = "<group>"; };
		9320B7391957F6D5006046BD /* ViewController.m */ = {isa = PBXFileReference; lastKnownFileType = sourcecode.c.objc; path = ViewController.m; sourceTree = "<group>"; };
		9320B73B1957F6D5006046BD /* Images.xcassets */ = {isa = PBXFileReference; lastKnownFileType = folder.assetcatalog; path = Images.xcassets; sourceTree = "<group>"; };
		9320B7411957F6D5006046BD /* BallsTests.xctest */ = {isa = PBXFileReference; explicitFileType = wrapper.cfbundle; includeInIndex = 0; path = BallsTests.xctest; sourceTree = BUILT_PRODUCTS_DIR; };
		9320B7421957F6D5006046BD /* XCTest.framework */ = {isa = PBXFileReference; lastKnownFileType = wrapper.framework; name = XCTest.framework; path = Library/Frameworks/XCTest.framework; sourceTree = DEVELOPER_DIR; };
		9320B74A1957F6D5006046BD /* BallsTests-Info.plist */ = {isa = PBXFileReference; lastKnownFileType = text.plist.xml; path = "BallsTests-Info.plist"; sourceTree = "<group>"; };
		9320B74C1957F6D5006046BD /* en */ = {isa = PBXFileReference; lastKnownFileType = text.plist.strings; name = en; path = en.lproj/InfoPlist.strings; sourceTree = "<group>"; };
		9320B74E1957F6D5006046BD /* BallsTests.m */ = {isa = PBXFileReference; lastKnownFileType = sourcecode.c.objc; path = BallsTests.m; sourceTree = "<group>"; };
		9320B7581957F70F006046BD /* Ball.h */ = {isa = PBXFileReference; fileEncoding = 4; lastKnownFileType = sourcecode.c.h; path = Ball.h; sourceTree = "<group>"; };
		9320B7591957F70F006046BD /* Ball.m */ = {isa = PBXFileReference; fileEncoding = 4; lastKnownFileType = sourcecode.c.objc; path = Ball.m; sourceTree = "<group>"; };
/* End PBXFileReference section */

/* Begin PBXFrameworksBuildPhase section */
		9320B71D1957F6D5006046BD /* Frameworks */ = {
			isa = PBXFrameworksBuildPhase;
			buildActionMask = 2147483647;
			files = (
				9320B7261957F6D5006046BD /* CoreGraphics.framework in Frameworks */,
				9320B7281957F6D5006046BD /* UIKit.framework in Frameworks */,
				9320B7241957F6D5006046BD /* Foundation.framework in Frameworks */,
			);
			runOnlyForDeploymentPostprocessing = 0;
		};
		9320B73E1957F6D5006046BD /* Frameworks */ = {
			isa = PBXFrameworksBuildPhase;
			buildActionMask = 2147483647;
			files = (
				9320B7431957F6D5006046BD /* XCTest.framework in Frameworks */,
				9320B7451957F6D5006046BD /* UIKit.framework in Frameworks */,
				9320B7441957F6D5006046BD /* Foundation.framework in Frameworks */,
			);
			runOnlyForDeploymentPostprocessing = 0;
		};
/* End PBXFrameworksBuildPhase section */

/* Begin PBXGroup section */
		9320B7171957F6D4006046BD = {
			isa = PBXGroup;
			children = (
				9320B7291957F6D5006046BD /* Balls */,
				9320B7481957F6D5006046BD /* BallsTests */,
				9320B7221957F6D5006046BD /* Frameworks */,
				9320B7211957F6D5006046BD /* Products */,
			);
			sourceTree = "<group>";
		};
		9320B7211957F6D5006046BD /* Products */ = {
			isa = PBXGroup;
			children = (
				9320B7201957F6D5006046BD /* Balls.app */,
				9320B7411957F6D5006046BD /* BallsTests.xctest */,
			);
			name = Products;
			sourceTree = "<group>";
		};
		9320B7221957F6D5006046BD /* Frameworks */ = {
			isa = PBXGroup;
			children = (
				9320B7231957F6D5006046BD /* Foundation.framework */,
				9320B7251957F6D5006046BD /* CoreGraphics.framework */,
				9320B7271957F6D5006046BD /* UIKit.framework */,
				9320B7421957F6D5006046BD /* XCTest.framework */,
			);
			name = Frameworks;
			sourceTree = "<group>";
		};
		9320B7291957F6D5006046BD /* Balls */ = {
			isa = PBXGroup;
			children = (
				9320B7581957F70F006046BD /* Ball.h */,
				9320B7591957F70F006046BD /* Ball.m */,
				9320B7321957F6D5006046BD /* AppDelegate.h */,
				9320B7331957F6D5006046BD /* AppDelegate.m */,
				9320B7351957F6D5006046BD /* Main.storyboard */,
				9320B7381957F6D5006046BD /* ViewController.h */,
				9320B7391957F6D5006046BD /* ViewController.m */,
				9320B73B1957F6D5006046BD /* Images.xcassets */,
				9320B72A1957F6D5006046BD /* Supporting Files */,
			);
			path = Balls;
			sourceTree = "<group>";
		};
		9320B72A1957F6D5006046BD /* Supporting Files */ = {
			isa = PBXGroup;
			children = (
				9320B72B1957F6D5006046BD /* Balls-Info.plist */,
				9320B72C1957F6D5006046BD /* InfoPlist.strings */,
				9320B72F1957F6D5006046BD /* main.m */,
				9320B7311957F6D5006046BD /* Balls-Prefix.pch */,
			);
			name = "Supporting Files";
			sourceTree = "<group>";
		};
		9320B7481957F6D5006046BD /* BallsTests */ = {
			isa = PBXGroup;
			children = (
				9320B74E1957F6D5006046BD /* BallsTests.m */,
				9320B7491957F6D5006046BD /* Supporting Files */,
			);
			path = BallsTests;
			sourceTree = "<group>";
		};
		9320B7491957F6D5006046BD /* Supporting Files */ = {
			isa = PBXGroup;
			children = (
				9320B74A1957F6D5006046BD /* BallsTests-Info.plist */,
				9320B74B1957F6D5006046BD /* InfoPlist.strings */,
			);
			name = "Supporting Files";
			sourceTree = "<group>";
		};
/* End PBXGroup section */

/* Begin PBXNativeTarget section */
		9320B71F1957F6D5006046BD /* Balls */ = {
			isa = PBXNativeTarget;
			buildConfigurationList = 9320B7521957F6D5006046BD /* Build configuration list for PBXNativeTarget "Balls" */;
			buildPhases = (
				9320B71C1957F6D5006046BD /* Sources */,
				9320B71D1957F6D5006046BD /* Frameworks */,
				9320B71E1957F6D5006046BD /* Resources */,
			);
			buildRules = (
			);
			dependencies = (
			);
			name = Balls;
			productName = Balls;
			productReference = 9320B7201957F6D5006046BD /* Balls.app */;
			productType = "com.apple.product-type.application";
		};
		9320B7401957F6D5006046BD /* BallsTests */ = {
			isa = PBXNativeTarget;
			buildConfigurationList = 9320B7551957F6D5006046BD /* Build configuration list for PBXNativeTarget "BallsTests" */;
			buildPhases = (
				9320B73D1957F6D5006046BD /* Sources */,
				9320B73E1957F6D5006046BD /* Frameworks */,
				9320B73F1957F6D5006046BD /* Resources */,
			);
			buildRules = (
			);
			dependencies = (
				9320B7471957F6D5006046BD /* PBXTargetDependency */,
			);
			name = BallsTests;
			productName = BallsTests;
			productReference = 9320B7411957F6D5006046BD /* BallsTests.xctest */;
			productType = "com.apple.product-type.bundle.unit-test";
		};
/* End PBXNativeTarget section */

/* Begin PBXProject section */
		9320B7181957F6D4006046BD /* Project object */ = {
			isa = PBXProject;
			attributes = {
				LastUpgradeCheck = 0510;
				ORGANIZATIONNAME = "Naoto Yoshioka";
				TargetAttributes = {
					9320B7401957F6D5006046BD = {
						TestTargetID = 9320B71F1957F6D5006046BD;
					};
				};
			};
			buildConfigurationList = 9320B71B1957F6D4006046BD /* Build configuration list for PBXProject "Balls" */;
			compatibilityVersion = "Xcode 3.2";
			developmentRegion = English;
			hasScannedForEncodings = 0;
			knownRegions = (
				en,
				Base,
			);
			mainGroup = 9320B7171957F6D4006046BD;
			productRefGroup = 9320B7211957F6D5006046BD /* Products */;
			projectDirPath = "";
			projectRoot = "";
			targets = (
				9320B71F1957F6D5006046BD /* Balls */,
				9320B7401957F6D5006046BD /* BallsTests */,
			);
		};
/* End PBXProject section */

/* Begin PBXResourcesBuildPhase section */
		9320B71E1957F6D5006046BD /* Resources */ = {
			isa = PBXResourcesBuildPhase;
			buildActionMask = 2147483647;
			files = (
				9320B73C1957F6D5006046BD /* Images.xcassets in Resources */,
				9320B72E1957F6D5006046BD /* InfoPlist.strings in Resources */,
				9320B7371957F6D5006046BD /* Main.storyboard in Resources */,
			);
			runOnlyForDeploymentPostprocessing = 0;
		};
		9320B73F1957F6D5006046BD /* Resources */ = {
			isa = PBXResourcesBuildPhase;
			buildActionMask = 2147483647;
			files = (
				9320B74D1957F6D5006046BD /* InfoPlist.strings in Resources */,
			);
			runOnlyForDeploymentPostprocessing = 0;
		};
/* End PBXResourcesBuildPhase section */

/* Begin PBXSourcesBuildPhase section */
		9320B71C1957F6D5006046BD /* Sources */ = {
			isa = PBXSourcesBuildPhase;
			buildActionMask = 2147483647;
			files = (
				9320B75A1957F70F006046BD /* Ball.m in Sources */,
				9320B73A1957F6D5006046BD /* ViewController.m in Sources */,
				9320B7341957F6D5006046BD /* AppDelegate.m in Sources */,
				9320B7301957F6D5006046BD /* main.m in Sources */,
			);
			runOnlyForDeploymentPostprocessing = 0;
		};
		9320B73D1957F6D5006046BD /* Sources */ = {
			isa = PBXSourcesBuildPhase;
			buildActionMask = 2147483647;
			files = (
				9320B74F1957F6D5006046BD /* BallsTests.m in Sources */,
			);
			runOnlyForDeploymentPostprocessing = 0;
		};
/* End PBXSourcesBuildPhase section */

/* Begin PBXTargetDependency section */
		9320B7471957F6D5006046BD /* PBXTargetDependency */ = {
			isa = PBXTargetDependency;
			target = 9320B71F1957F6D5006046BD /* Balls */;
			targetProxy = 9320B7461957F6D5006046BD /* PBXContainerItemProxy */;
		};
/* End PBXTargetDependency section */

/* Begin PBXVariantGroup section */
		9320B72C1957F6D5006046BD /* InfoPlist.strings */ = {
			isa = PBXVariantGroup;
			children = (
				9320B72D1957F6D5006046BD /* en */,
			);
			name = InfoPlist.strings;
			sourceTree = "<group>";
		};
		9320B7351957F6D5006046BD /* Main.storyboard */ = {
			isa = PBXVariantGroup;
			children = (
				9320B7361957F6D5006046BD /* Base */,
			);
			name = Main.storyboard;
			sourceTree = "<group>";
		};
		9320B74B1957F6D5006046BD /* InfoPlist.strings */ = {
			isa = PBXVariantGroup;
			children = (
				9320B74C1957F6D5006046BD /* en */,
			);
			name = InfoPlist.strings;
			sourceTree = "<group>";
		};
/* End PBXVariantGroup section */

/* Begin XCBuildConfiguration section */
		9320B7501957F6D5006046BD /* Debug */ = {
			isa = XCBuildConfiguration;
			buildSettings = {
				ALWAYS_SEARCH_USER_PATHS = NO;
				CLANG_CXX_LANGUAGE_STANDARD = "gnu++0x";
				CLANG_CXX_LIBRARY = "libc++";
				CLANG_ENABLE_MODULES = YES;
				CLANG_ENABLE_OBJC_ARC = YES;
				CLANG_WARN_BOOL_CONVERSION = YES;
				CLANG_WARN_CONSTANT_CONVERSION = YES;
				CLANG_WARN_DIRECT_OBJC_ISA_USAGE = YES_ERROR;
				CLANG_WARN_EMPTY_BODY = YES;
				CLANG_WARN_ENUM_CONVERSION = YES;
				CLANG_WARN_INT_CONVERSION = YES;
				CLANG_WARN_OBJC_ROOT_CLASS = YES_ERROR;
				CLANG_WARN__DUPLICATE_METHOD_MATCH = YES;
				"CODE_SIGN_IDENTITY[sdk=iphoneos*]" = "iPhone Developer";
				COPY_PHASE_STRIP = NO;
				GCC_C_LANGUAGE_STANDARD = gnu99;
				GCC_DYNAMIC_NO_PIC = NO;
				GCC_OPTIMIZATION_LEVEL = 0;
				GCC_PREPROCESSOR_DEFINITIONS = (
					"DEBUG=1",
					"$(inherited)",
				);
				GCC_SYMBOLS_PRIVATE_EXTERN = NO;
				GCC_WARN_64_TO_32_BIT_CONVERSION = YES;
				GCC_WARN_ABOUT_RETURN_TYPE = YES_ERROR;
				GCC_WARN_UNDECLARED_SELECTOR = YES;
				GCC_WARN_UNINITIALIZED_AUTOS = YES_AGGRESSIVE;
				GCC_WARN_UNUSED_FUNCTION = YES;
				GCC_WARN_UNUSED_VARIABLE = YES;
				IPHONEOS_DEPLOYMENT_TARGET = 7.1;
				ONLY_ACTIVE_ARCH = YES;
				SDKROOT = iphoneos;
			};
			name = Debug;
		};
		9320B7511957F6D5006046BD /* Release */ = {
			isa = XCBuildConfiguration;
			buildSettings = {
				ALWAYS_SEARCH_USER_PATHS = NO;
				CLANG_CXX_LANGUAGE_STANDARD = "gnu++0x";
				CLANG_CXX_LIBRARY = "libc++";
				CLANG_ENABLE_MODULES = YES;
				CLANG_ENABLE_OBJC_ARC = YES;
				CLANG_WARN_BOOL_CONVERSION = YES;
				CLANG_WARN_CONSTANT_CONVERSION = YES;
				CLANG_WARN_DIRECT_OBJC_ISA_USAGE = YES_ERROR;
				CLANG_WARN_EMPTY_BODY = YES;
				CLANG_WARN_ENUM_CONVERSION = YES;
				CLANG_WARN_INT_CONVERSION = YES;
				CLANG_WARN_OBJC_ROOT_CLASS = YES_ERROR;
				CLANG_WARN__DUPLICATE_METHOD_MATCH = YES;
				"CODE_SIGN_IDENTITY[sdk=iphoneos*]" = "iPhone Developer";
				COPY_PHASE_STRIP = YES;
				ENABLE_NS_ASSERTIONS = NO;
				GCC_C_LANGUAGE_STANDARD = gnu99;
				GCC_WARN_64_TO_32_BIT_CONVERSION = YES;
				GCC_WARN_ABOUT_RETURN_TYPE = YES_ERROR;
				GCC_WARN_UNDECLARED_SELECTOR = YES;
				GCC_WARN_UNINITIALIZED_AUTOS = YES_AGGRESSIVE;
				GCC_WARN_UNUSED_FUNCTION = YES;
				GCC_WARN_UNUSED_VARIABLE = YES;
				IPHONEOS_DEPLOYMENT_TARGET = 7.1;
				SDKROOT = iphoneos;
				VALIDATE_PRODUCT = YES;
			};
			name = Release;
		};
		9320B7531957F6D5006046BD /* Debug */ = {
			isa = XCBuildConfiguration;
			buildSettings = {
				ASSETCATALOG_COMPILER_APPICON_NAME = AppIcon;
				ASSETCATALOG_COMPILER_LAUNCHIMAGE_NAME = LaunchImage;
				GCC_PRECOMPILE_PREFIX_HEADER = YES;
				GCC_PREFIX_HEADER = "Balls/Balls-Prefix.pch";
				INFOPLIST_FILE = "Balls/Balls-Info.plist";
				PRODUCT_NAME = "$(TARGET_NAME)";
				WRAPPER_EXTENSION = app;
			};
			name = Debug;
		};
		9320B7541957F6D5006046BD /* Release */ = {
			isa = XCBuildConfiguration;
			buildSettings = {
				ASSETCATALOG_COMPILER_APPICON_NAME = AppIcon;
				ASSETCATALOG_COMPILER_LAUNCHIMAGE_NAME = LaunchImage;
				GCC_PRECOMPILE_PREFIX_HEADER = YES;
				GCC_PREFIX_HEADER = "Balls/Balls-Prefix.pch";
				INFOPLIST_FILE = "Balls/Balls-Info.plist";
				PRODUCT_NAME = "$(TARGET_NAME)";
				WRAPPER_EXTENSION = app;
			};
			name = Release;
		};
		9320B7561957F6D5006046BD /* Debug */ = {
			isa = XCBuildConfiguration;
			buildSettings = {
				BUNDLE_LOADER = "$(BUILT_PRODUCTS_DIR)/Balls.app/Balls";
				FRAMEWORK_SEARCH_PATHS = (
					"$(SDKROOT)/Developer/Library/Frameworks",
					"$(inherited)",
					"$(DEVELOPER_FRAMEWORKS_DIR)",
				);
				GCC_PRECOMPILE_PREFIX_HEADER = YES;
				GCC_PREFIX_HEADER = "Balls/Balls-Prefix.pch";
				GCC_PREPROCESSOR_DEFINITIONS = (
					"DEBUG=1",
					"$(inherited)",
				);
				INFOPLIST_FILE = "BallsTests/BallsTests-Info.plist";
				PRODUCT_NAME = "$(TARGET_NAME)";
				TEST_HOST = "$(BUNDLE_LOADER)";
				WRAPPER_EXTENSION = xctest;
			};
			name = Debug;
		};
		9320B7571957F6D5006046BD /* Release */ = {
			isa = XCBuildConfiguration;
			buildSettings = {
				BUNDLE_LOADER = "$(BUILT_PRODUCTS_DIR)/Balls.app/Balls";
				FRAMEWORK_SEARCH_PATHS = (
					"$(SDKROOT)/Developer/Library/Frameworks",
					"$(inherited)",
					"$(DEVELOPER_FRAMEWORKS_DIR)",
				);
				GCC_PRECOMPILE_PREFIX_HEADER = YES;
				GCC_PREFIX_HEADER = "Balls/Balls-Prefix.pch";
				INFOPLIST_FILE = "BallsTests/BallsTests-Info.plist";
				PRODUCT_NAME = "$(TARGET_NAME)";
				TEST_HOST = "$(BUNDLE_LOADER)";
				WRAPPER_EXTENSION = xctest;
			};
			name = Release;
		};
/* End XCBuildConfiguration section */

/* Begin XCConfigurationList section */
		9320B71B1957F6D4006046BD /* Build configuration list for PBXProject "Balls" */ = {
			isa = XCConfigurationList;
			buildConfigurations = (
				9320B7501957F6D5006046BD /* Debug */,
				9320B7511957F6D5006046BD /* Release */,
			);
			defaultConfigurationIsVisible = 0;
			defaultConfigurationName = Release;
		};
		9320B7521957F6D5006046BD /* Build configuration list for PBXNativeTarget "Balls" */ = {
			isa = XCConfigurationList;
			buildConfigurations = (
				9320B7531957F6D5006046BD /* Debug */,
				9320B7541957F6D5006046BD /* Release */,
			);
			defaultConfigurationIsVisible = 0;
		};
		9320B7551957F6D5006046BD /* Build configuration list for PBXNativeTarget "BallsTests" */ = {
			isa = XCConfigurationList;
			buildConfigurations = (
				9320B7561957F6D5006046BD /* Debug */,
				9320B7571957F6D5006046BD /* Release */,
			);
			defaultConfigurationIsVisible = 0;
		};
/* End XCConfigurationList section */
	};
	rootObject = 9320B7181957F6D4006046BD /* Project object */;
}
